
Microsoft Visual Studio Solution File, Format Version 12.00
# Visual Studio Version 17
VisualStudioVersion = 17.5.33424.131
MinimumVisualStudioVersion = 10.0.40219.1
Project("{FAE04EC0-301F-11D3-BF4B-00C04F79EFBC}") = "Excercise7", "Excercise7.csproj", "{099998CE-5B3F-443B-97F6-5CCA8E5BDE6C}"
EndProject
Global
	GlobalSection(SolutionConfigurationPlatforms) = preSolution
		Debug|Any CPU = Debug|Any CPU
		Release|Any CPU = Release|Any CPU
	EndGlobalSection
	GlobalSection(ProjectConfigurationPlatforms) = postSolution
		{099998CE-5B3F-443B-97F6-5CCA8E5BDE6C}.Debug|Any CPU.ActiveCfg = Debug|Any CPU
		{099998CE-5B3F-443B-97F6-5CCA8E5BDE6C}.Debug|Any CPU.Build.0 = Debug|Any CPU
		{099998CE-5B3F-443B-97F6-5CCA8E5BDE6C}.Release|Any CPU.ActiveCfg = Release|Any CPU
		{099998CE-5B3F-443B-97F6-5CCA8E5BDE6C}.Release|Any CPU.Build.0 = Release|Any CPU
	EndGlobalSection
	GlobalSection(SolutionProperties) = preSolution
		HideSolutionNode = FALSE
	EndGlobalSection
	GlobalSection(ExtensibilityGlobals) = postSolution
		SolutionGuid = {B54A3216-4235-40DC-9C7A-07CC041DAB0D}
	EndGlobalSection
EndGlobal
